
Microsoft Visual Studio Solution File, Format Version 12.00
# Visual Studio 15
VisualStudioVersion = 15.0.27130.2020
MinimumVisualStudioVersion = 10.0.40219.1
Project("{9A19103F-16F7-4668-BE54-9A1E7A4F7556}") = "RecipeBook.Web", "RecipeBook\RecipeBook.Web.csproj", "{D7878EC9-5841-47A9-9ED3-5BE150E07AD8}"
EndProject
Project("{9A19103F-16F7-4668-BE54-9A1E7A4F7556}") = "RecipeBook.DataAccess", "RecipeBook.DataAccess\RecipeBook.DataAccess.csproj", "{7D5DCEC1-9D4C-4707-A0C7-40F1878682F1}"
EndProject
Project("{FAE04EC0-301F-11D3-BF4B-00C04F79EFBC}") = "RecipeBook.UnitTests", "RecipeBook.UnitTests\RecipeBook.UnitTests.csproj", "{3128EDB9-E6FC-4529-B9E9-9B86107ACF1A}"
EndProject
Global
	GlobalSection(SolutionConfigurationPlatforms) = preSolution
		Debug|Any CPU = Debug|Any CPU
		Release|Any CPU = Release|Any CPU
	EndGlobalSection
	GlobalSection(ProjectConfigurationPlatforms) = postSolution
		{D7878EC9-5841-47A9-9ED3-5BE150E07AD8}.Debug|Any CPU.ActiveCfg = Debug|Any CPU
		{D7878EC9-5841-47A9-9ED3-5BE150E07AD8}.Debug|Any CPU.Build.0 = Debug|Any CPU
		{D7878EC9-5841-47A9-9ED3-5BE150E07AD8}.Release|Any CPU.ActiveCfg = Release|Any CPU
		{D7878EC9-5841-47A9-9ED3-5BE150E07AD8}.Release|Any CPU.Build.0 = Release|Any CPU
		{7D5DCEC1-9D4C-4707-A0C7-40F1878682F1}.Debug|Any CPU.ActiveCfg = Debug|Any CPU
		{7D5DCEC1-9D4C-4707-A0C7-40F1878682F1}.Debug|Any CPU.Build.0 = Debug|Any CPU
		{7D5DCEC1-9D4C-4707-A0C7-40F1878682F1}.Release|Any CPU.ActiveCfg = Release|Any CPU
		{7D5DCEC1-9D4C-4707-A0C7-40F1878682F1}.Release|Any CPU.Build.0 = Release|Any CPU
		{3128EDB9-E6FC-4529-B9E9-9B86107ACF1A}.Debug|Any CPU.ActiveCfg = Debug|Any CPU
		{3128EDB9-E6FC-4529-B9E9-9B86107ACF1A}.Debug|Any CPU.Build.0 = Debug|Any CPU
		{3128EDB9-E6FC-4529-B9E9-9B86107ACF1A}.Release|Any CPU.ActiveCfg = Release|Any CPU
		{3128EDB9-E6FC-4529-B9E9-9B86107ACF1A}.Release|Any CPU.Build.0 = Release|Any CPU
	EndGlobalSection
	GlobalSection(SolutionProperties) = preSolution
		HideSolutionNode = FALSE
	EndGlobalSection
	GlobalSection(ExtensibilityGlobals) = postSolution
		SolutionGuid = {B8B11406-F9FA-4159-89A1-DC2C4F166DEA}
	EndGlobalSection
EndGlobal
